#MicroXplorer Configuration settings - do not modify
Mcu.Family=STM32F4
RCC.PLLSourceVirtual=RCC_PLLSOURCE_HSE
ProjectManager.MainLocation=Src
PA6.Mode=Full_Duplex_Master
ProjectManager.ProjectFileName=W5500_FTPS.ioc
USART2.IPParameters=VirtualMode,BaudRate
RCC.CortexFreq_Value=72000000
PC10.GPIO_PuPd=GPIO_PULLUP
PA7.Mode=Full_Duplex_Master
FATFS._USE_LFN=1
ProjectManager.KeepUserCode=true
Mcu.UserName=STM32F401RETx
Mcu.PinsNb=19
SPI1.VirtualType=VM_MASTER
PD2.GPIO_PuPd=GPIO_PULLUP
ProjectManager.NoMain=false
SPI1.IPParameters=VirtualType,Mode,Direction,BaudRatePrescaler
VP_FATFS_VS_SDIO.Mode=SDIO
RCC.PLLCLKFreq_Value=72000000
PC10.Signal=SDIO_D2
PC11.Signal=SDIO_D3
PC12.Signal=SDIO_CK
RCC.PLLQCLKFreq_Value=48000000
ProjectManager.functionlistsort=1-MX_GPIO_Init-GPIO-false-HAL-true,2-SystemClock_Config-RCC-false-HAL-false,3-MX_SDIO_SD_Init-SDIO-false-HAL-true,4-MX_SPI1_Init-SPI1-false-HAL-true,5-MX_USART2_UART_Init-USART2-false-HAL-true,6-MX_FATFS_Init-FATFS-false-HAL-false
PH1\ -\ OSC_OUT.Mode=HSE-External-Clock-Source
PC8.Signal=SDIO_D0
PC10.Mode=SD_4_bits_Wide_bus
RCC.RTCFreq_Value=32000
ProjectManager.DefaultFWLocation=true
PD2.GPIOParameters=GPIO_PuPd
ProjectManager.DeletePrevious=true
RCC.APB1CLKDivider=RCC_HCLK_DIV2
PC11.GPIOParameters=GPIO_PuPd
USART2.BaudRate=230400
PinOutPanel.RotationAngle=0
RCC.SYSCLKSource=RCC_SYSCLKSOURCE_PLLCLK
ProjectManager.StackSize=0x1000
FATFS.IPParameters=_USE_LFN,_MAX_SS,_FS_LOCK
PA13.Signal=SYS_JTMS-SWDIO
PA3.Mode=Asynchronous
Mcu.IP4=SPI1
RCC.FCLKCortexFreq_Value=72000000
Mcu.IP5=SYS
NVIC.SVCall_IRQn=true\:0\:0\:false\:false\:true\:false\:false
Mcu.IP2=RCC
Mcu.IP3=SDIO
PC11.GPIO_PuPd=GPIO_PULLUP
Mcu.IP0=FATFS
Mcu.IP1=NVIC
PH0\ -\ OSC_IN.Mode=HSE-External-Clock-Source
Mcu.UserConstants=
PH0\ -\ OSC_IN.Signal=RCC_OSC_IN
ProjectManager.TargetToolchain=STM32CubeIDE
VP_FATFS_VS_SDIO.Signal=FATFS_VS_SDIO
Mcu.ThirdPartyNb=0
SPI1.Direction=SPI_DIRECTION_2LINES
RCC.HCLKFreq_Value=72000000
Mcu.IPNb=7
RCC.I2SClocksFreq_Value=192000000
ProjectManager.PreviousToolchain=STM32CubeIDE
RCC.APB2TimFreq_Value=72000000
SDIO.IPParameters=ClockDiv
PB6.Signal=GPIO_Output
RCC.VcooutputI2S=192000000
Mcu.Pin6=PA7
Mcu.Pin7=PB1
ProjectManager.RegisterCallBack=
Mcu.Pin8=PC8
Mcu.Pin9=PC9
SDIO.ClockDiv=2
RCC.LSE_VALUE=32768
RCC.AHBFreq_Value=72000000
Mcu.Pin0=PH0 - OSC_IN
PB1.Locked=true
Mcu.Pin1=PH1 - OSC_OUT
Mcu.Pin2=PA2
Mcu.Pin3=PA3
Mcu.Pin4=PA5
RCC.VCOI2SOutputFreq_Value=384000000
Mcu.Pin5=PA6
PD2.Mode=SD_4_bits_Wide_bus
PA5.Signal=SPI1_SCK
ProjectManager.ProjectBuild=false
RCC.HSE_VALUE=8000000
NVIC.UsageFault_IRQn=true\:0\:0\:false\:false\:true\:false\:false
PC12.Mode=SD_4_bits_Wide_bus
NVIC.DebugMonitor_IRQn=true\:0\:0\:false\:false\:true\:false\:false
PH1\ -\ OSC_OUT.Signal=RCC_OSC_OUT
board=W5500_FTPS
RCC.VCOOutputFreq_Value=144000000
NVIC.SysTick_IRQn=true\:0\:0\:false\:false\:true\:false\:true
ProjectManager.LastFirmware=true
ProjectManager.FirmwarePackage=STM32Cube FW_F4 V1.16.0
MxDb.Version=DB.4.0.221
RCC.APB2Freq_Value=72000000
ProjectManager.BackupPrevious=false
MxCube.Version=4.22.1
RCC.VCOInputFreq_Value=2000000
PB1.GPIO_Speed=GPIO_SPEED_FREQ_MEDIUM
SPI1.Mode=SPI_MODE_MASTER
PA14.Mode=Serial_Wire
File.Version=6
VP_SYS_VS_Systick.Mode=SysTick
PC9.Mode=SD_4_bits_Wide_bus
PC9.GPIO_PuPd=GPIO_PULLUP
NVIC.NonMaskableInt_IRQn=true\:0\:0\:false\:false\:true\:false\:false
PC10.GPIOParameters=GPIO_PuPd
PB6.Locked=true
NVIC.PendSV_IRQn=true\:0\:0\:false\:false\:true\:false\:false
PA13.Mode=Serial_Wire
ProjectManager.FreePins=false
RCC.IPParameters=48MHZClocksFreq_Value,AHBFreq_Value,APB1CLKDivider,APB1Freq_Value,APB1TimFreq_Value,APB2Freq_Value,APB2TimFreq_Value,CortexFreq_Value,FCLKCortexFreq_Value,HCLKFreq_Value,HSE_VALUE,HSI_VALUE,I2SClocksFreq_Value,LSE_VALUE,LSI_VALUE,MCO2PinFreq_Value,PLLCLKFreq_Value,PLLM,PLLN,PLLQ,PLLQCLKFreq_Value,PLLSourceVirtual,RTCFreq_Value,RTCHSEDivFreq_Value,SYSCLKFreq_VALUE,SYSCLKSource,VCOI2SOutputFreq_Value,VCOInputFreq_Value,VCOOutputFreq_Value,VcooutputI2S
PC9.GPIOParameters=GPIO_PuPd
ProjectManager.AskForMigrate=false
Mcu.Name=STM32F401R(D-E)Tx
PB6.GPIOParameters=GPIO_Speed
ProjectManager.HalAssertFull=false
RCC.RTCHSEDivFreq_Value=4000000
PA2.Signal=USART2_TX
ProjectManager.ProjectName=W5500_FTPS
ProjectManager.UnderRoot=true
FATFS._MAX_SS=4096
Mcu.IP6=USART2
PC8.Mode=SD_4_bits_Wide_bus
ProjectManager.CoupleFile=false
RCC.48MHZClocksFreq_Value=48000000
RCC.MCO2PinFreq_Value=72000000
PC8.GPIO_PuPd=GPIO_PULLUP
PC8.GPIOParameters=GPIO_PuPd
RCC.SYSCLKFreq_VALUE=72000000
Mcu.Package=LQFP64
PA6.Signal=SPI1_MISO
PB1.Signal=GPIO_Output
NVIC.ForceEnableDMAVector=true
KeepUserPlacement=false
USART2.VirtualMode=VM_ASYNC
NVIC.MemoryManagement_IRQn=true\:0\:0\:false\:false\:true\:false\:false
ProjectManager.CompilerOptimize=2
ProjectManager.ToolChainLocation=
RCC.LSI_VALUE=32000
VP_SYS_VS_Systick.Signal=SYS_VS_Systick
PA14.Signal=SYS_JTCK-SWCLK
ProjectManager.HeapSize=0x800
Mcu.Pin15=PD2
NVIC.HardFault_IRQn=true\:0\:0\:false\:false\:true\:false\:false
Mcu.Pin16=PB6
Mcu.Pin13=PC11
PC11.Mode=SD_4_bits_Wide_bus
Mcu.Pin14=PC12
ProjectManager.ComputerToolchain=false
Mcu.Pin17=VP_FATFS_VS_SDIO
RCC.HSI_VALUE=16000000
Mcu.Pin18=VP_SYS_VS_Systick
RCC.PLLQ=3
NVIC.PriorityGroup=NVIC_PRIORITYGROUP_4
FATFS._FS_LOCK=8
Mcu.Pin11=PA14
Mcu.Pin12=PC10
RCC.PLLM=4
RCC.PLLN=72
Mcu.Pin10=PA13
RCC.APB1TimFreq_Value=72000000
PA2.Mode=Asynchronous
NVIC.BusFault_IRQn=true\:0\:0\:false\:false\:true\:false\:false
PC9.Signal=SDIO_D1
PD2.Signal=SDIO_CMD
PB6.GPIO_Speed=GPIO_SPEED_FREQ_MEDIUM
RCC.APB1Freq_Value=36000000
SPI1.BaudRatePrescaler=SPI_BAUDRATEPRESCALER_4
ProjectManager.CustomerFirmwarePackage=
ProjectManager.DeviceId=STM32F401RETx
ProjectManager.LibraryCopy=1
PB1.GPIOParameters=GPIO_Speed
PA3.Signal=USART2_RX
PA5.Mode=Full_Duplex_Master
PA7.Signal=SPI1_MOSI
